
Microsoft Visual Studio Solution File, Format Version 12.00
# Visual Studio Version 17
VisualStudioVersion = 17.11.35327.3
MinimumVisualStudioVersion = 10.0.40219.1
Project("{FAE04EC0-301F-11D3-BF4B-00C04F79EFBC}") = "PRG2-Assignment-V2", "PRG2-Assignment-V2\PRG2-Assignment-V2.csproj", "{FCE11CAB-3A3A-495B-8802-F994C331BFBB}"
EndProject
Global
	GlobalSection(SolutionConfigurationPlatforms) = preSolution
		Debug|Any CPU = Debug|Any CPU
		Release|Any CPU = Release|Any CPU
	EndGlobalSection
	GlobalSection(ProjectConfigurationPlatforms) = postSolution
		{FCE11CAB-3A3A-495B-8802-F994C331BFBB}.Debug|Any CPU.ActiveCfg = Debug|Any CPU
		{FCE11CAB-3A3A-495B-8802-F994C331BFBB}.Debug|Any CPU.Build.0 = Debug|Any CPU
		{FCE11CAB-3A3A-495B-8802-F994C331BFBB}.Release|Any CPU.ActiveCfg = Release|Any CPU
		{FCE11CAB-3A3A-495B-8802-F994C331BFBB}.Release|Any CPU.Build.0 = Release|Any CPU
	EndGlobalSection
	GlobalSection(SolutionProperties) = preSolution
		HideSolutionNode = FALSE
	EndGlobalSection
	GlobalSection(ExtensibilityGlobals) = postSolution
		SolutionGuid = {0D48256A-00FE-4385-BE38-1278E515EA5A}
	EndGlobalSection
EndGlobal
